// !$*UTF8*$!
{
	archiveVersion = 1;
	classes = {
	};
	objectVersion = 46;
	objects = {

/* Begin PBXBuildFile section */
		40E84C58198FB75900AD18D5 /* AppDelegate.swift in Sources */ = {isa = PBXBuildFile; fileRef = 40E84C57198FB75900AD18D5 /* AppDelegate.swift */; };
		40E84C5A198FB75900AD18D5 /* ViewController.swift in Sources */ = {isa = PBXBuildFile; fileRef = 40E84C59198FB75900AD18D5 /* ViewController.swift */; };
		40E84C5D198FB75900AD18D5 /* Main.storyboard in Resources */ = {isa = PBXBuildFile; fileRef = 40E84C5B198FB75900AD18D5 /* Main.storyboard */; };
		40E84C5F198FB75900AD18D5 /* Images.xcassets in Resources */ = {isa = PBXBuildFile; fileRef = 40E84C5E198FB75900AD18D5 /* Images.xcassets */; };
		40E84C6B198FB75900AD18D5 /* ClearStyleTests.swift in Sources */ = {isa = PBXBuildFile; fileRef = 40E84C6A198FB75900AD18D5 /* ClearStyleTests.swift */; };
		40E84C75198FC0BE00AD18D5 /* ToDoItem.swift in Sources */ = {isa = PBXBuildFile; fileRef = 40E84C74198FC0BE00AD18D5 /* ToDoItem.swift */; };
		40E84C77198FC80800AD18D5 /* TableViewCell.swift in Sources */ = {isa = PBXBuildFile; fileRef = 40E84C76198FC80800AD18D5 /* TableViewCell.swift */; };
		40E84C79198FD23500AD18D5 /* StrikeThroughText.swift in Sources */ = {isa = PBXBuildFile; fileRef = 40E84C78198FD23500AD18D5 /* StrikeThroughText.swift */; };
/* End PBXBuildFile section */

/* Begin PBXContainerItemProxy section */
		40E84C65198FB75900AD18D5 /* PBXContainerItemProxy */ = {
			isa = PBXContainerItemProxy;
			containerPortal = 40E84C4A198FB75900AD18D5 /* Project object */;
			proxyType = 1;
			remoteGlobalIDString = 40E84C51198FB75900AD18D5;
			remoteInfo = ClearStyle;
		};
/* End PBXContainerItemProxy section */

/* Begin PBXFileReference section */
		40E84C52198FB75900AD18D5 /* ClearStyle.app */ = {isa = PBXFileReference; explicitFileType = wrapper.application; includeInIndex = 0; path = ClearStyle.app; sourceTree = BUILT_PRODUCTS_DIR; };
		40E84C56198FB75900AD18D5 /* Info.plist */ = {isa = PBXFileReference; lastKnownFileType = text.plist.xml; path = Info.plist; sourceTree = "<group>"; };
		40E84C57198FB75900AD18D5 /* AppDelegate.swift */ = {isa = PBXFileReference; lastKnownFileType = sourcecode.swift; path = AppDelegate.swift; sourceTree = "<group>"; };
		40E84C59198FB75900AD18D5 /* ViewController.swift */ = {isa = PBXFileReference; lastKnownFileType = sourcecode.swift; path = ViewController.swift; sourceTree = "<group>"; };
		40E84C5C198FB75900AD18D5 /* Base */ = {isa = PBXFileReference; lastKnownFileType = file.storyboard; name = Base; path = Base.lproj/Main.storyboard; sourceTree = "<group>"; };
		40E84C5E198FB75900AD18D5 /* Images.xcassets */ = {isa = PBXFileReference; lastKnownFileType = folder.assetcatalog; path = Images.xcassets; sourceTree = "<group>"; };
		40E84C64198FB75900AD18D5 /* ClearStyleTests.xctest */ = {isa = PBXFileReference; explicitFileType = wrapper.cfbundle; includeInIndex = 0; path = ClearStyleTests.xctest; sourceTree = BUILT_PRODUCTS_DIR; };
		40E84C69198FB75900AD18D5 /* Info.plist */ = {isa = PBXFileReference; lastKnownFileType = text.plist.xml; path = Info.plist; sourceTree = "<group>"; };
		40E84C6A198FB75900AD18D5 /* ClearStyleTests.swift */ = {isa = PBXFileReference; lastKnownFileType = sourcecode.swift; path = ClearStyleTests.swift; sourceTree = "<group>"; };
		40E84C74198FC0BE00AD18D5 /* ToDoItem.swift */ = {isa = PBXFileReference; fileEncoding = 4; lastKnownFileType = sourcecode.swift; path = ToDoItem.swift; sourceTree = "<group>"; };
		40E84C76198FC80800AD18D5 /* TableViewCell.swift */ = {isa = PBXFileReference; fileEncoding = 4; lastKnownFileType = sourcecode.swift; path = TableViewCell.swift; sourceTree = "<group>"; };
		40E84C78198FD23500AD18D5 /* StrikeThroughText.swift */ = {isa = PBXFileReference; fileEncoding = 4; lastKnownFileType = sourcecode.swift; path = StrikeThroughText.swift; sourceTree = "<group>"; };
/* End PBXFileReference section */

/* Begin PBXFrameworksBuildPhase section */
		40E84C4F198FB75900AD18D5 /* Frameworks */ = {
			isa = PBXFrameworksBuildPhase;
			buildActionMask = 2147483647;
			files = (
			);
			runOnlyForDeploymentPostprocessing = 0;
		};
		40E84C61198FB75900AD18D5 /* Frameworks */ = {
			isa = PBXFrameworksBuildPhase;
			buildActionMask = 2147483647;
			files = (
			);
			runOnlyForDeploymentPostprocessing = 0;
		};
/* End PBXFrameworksBuildPhase section */

/* Begin PBXGroup section */
		40E84C49198FB75900AD18D5 = {
			isa = PBXGroup;
			children = (
				40E84C54198FB75900AD18D5 /* ClearStyle */,
				40E84C67198FB75900AD18D5 /* ClearStyleTests */,
				40E84C53198FB75900AD18D5 /* Products */,
			);
			sourceTree = "<group>";
		};
		40E84C53198FB75900AD18D5 /* Products */ = {
			isa = PBXGroup;
			children = (
				40E84C52198FB75900AD18D5 /* ClearStyle.app */,
				40E84C64198FB75900AD18D5 /* ClearStyleTests.xctest */,
			);
			name = Products;
			sourceTree = "<group>";
		};
		40E84C54198FB75900AD18D5 /* ClearStyle */ = {
			isa = PBXGroup;
			children = (
				40E84C57198FB75900AD18D5 /* AppDelegate.swift */,
				40E84C59198FB75900AD18D5 /* ViewController.swift */,
				40E84C5B198FB75900AD18D5 /* Main.storyboard */,
				40E84C78198FD23500AD18D5 /* StrikeThroughText.swift */,
				40E84C76198FC80800AD18D5 /* TableViewCell.swift */,
				40E84C74198FC0BE00AD18D5 /* ToDoItem.swift */,
				40E84C5E198FB75900AD18D5 /* Images.xcassets */,
				40E84C55198FB75900AD18D5 /* Supporting Files */,
			);
			path = ClearStyle;
			sourceTree = "<group>";
		};
		40E84C55198FB75900AD18D5 /* Supporting Files */ = {
			isa = PBXGroup;
			children = (
				40E84C56198FB75900AD18D5 /* Info.plist */,
			);
			name = "Supporting Files";
			sourceTree = "<group>";
		};
		40E84C67198FB75900AD18D5 /* ClearStyleTests */ = {
			isa = PBXGroup;
			children = (
				40E84C6A198FB75900AD18D5 /* ClearStyleTests.swift */,
				40E84C68198FB75900AD18D5 /* Supporting Files */,
			);
			path = ClearStyleTests;
			sourceTree = "<group>";
		};
		40E84C68198FB75900AD18D5 /* Supporting Files */ = {
			isa = PBXGroup;
			children = (
				40E84C69198FB75900AD18D5 /* Info.plist */,
			);
			name = "Supporting Files";
			sourceTree = "<group>";
		};
/* End PBXGroup section */

/* Begin PBXNativeTarget section */
		40E84C51198FB75900AD18D5 /* ClearStyle */ = {
			isa = PBXNativeTarget;
			buildConfigurationList = 40E84C6E198FB75900AD18D5 /* Build configuration list for PBXNativeTarget "ClearStyle" */;
			buildPhases = (
				40E84C4E198FB75900AD18D5 /* Sources */,
				40E84C4F198FB75900AD18D5 /* Frameworks */,
				40E84C50198FB75900AD18D5 /* Resources */,
			);
			buildRules = (
			);
			dependencies = (
			);
			name = ClearStyle;
			productName = ClearStyle;
			productReference = 40E84C52198FB75900AD18D5 /* ClearStyle.app */;
			productType = "com.apple.product-type.application";
		};
		40E84C63198FB75900AD18D5 /* ClearStyleTests */ = {
			isa = PBXNativeTarget;
			buildConfigurationList = 40E84C71198FB75900AD18D5 /* Build configuration list for PBXNativeTarget "ClearStyleTests" */;
			buildPhases = (
				40E84C60198FB75900AD18D5 /* Sources */,
				40E84C61198FB75900AD18D5 /* Frameworks */,
				40E84C62198FB75900AD18D5 /* Resources */,
			);
			buildRules = (
			);
			dependencies = (
				40E84C66198FB75900AD18D5 /* PBXTargetDependency */,
			);
			name = ClearStyleTests;
			productName = ClearStyleTests;
			productReference = 40E84C64198FB75900AD18D5 /* ClearStyleTests.xctest */;
			productType = "com.apple.product-type.bundle.unit-test";
		};
/* End PBXNativeTarget section */

/* Begin PBXProject section */
		40E84C4A198FB75900AD18D5 /* Project object */ = {
			isa = PBXProject;
			attributes = {
				LastSwiftMigration = 0730;
				LastSwiftUpdateCheck = 0730;
				LastUpgradeCheck = 0730;
				ORGANIZATIONNAME = "Ray Wenderlich";
				TargetAttributes = {
					40E84C51198FB75900AD18D5 = {
						CreatedOnToolsVersion = 6.0;
						DevelopmentTeam = UM2PEEQHA6;
					};
					40E84C63198FB75900AD18D5 = {
						CreatedOnToolsVersion = 6.0;
						TestTargetID = 40E84C51198FB75900AD18D5;
					};
				};
			};
			buildConfigurationList = 40E84C4D198FB75900AD18D5 /* Build configuration list for PBXProject "ClearStyle" */;
			compatibilityVersion = "Xcode 3.2";
			developmentRegion = English;
			hasScannedForEncodings = 0;
			knownRegions = (
				en,
				Base,
			);
			mainGroup = 40E84C49198FB75900AD18D5;
			productRefGroup = 40E84C53198FB75900AD18D5 /* Products */;
			projectDirPath = "";
			projectRoot = "";
			targets = (
				40E84C51198FB75900AD18D5 /* ClearStyle */,
				40E84C63198FB75900AD18D5 /* ClearStyleTests */,
			);
		};
/* End PBXProject section */

/* Begin PBXResourcesBuildPhase section */
		40E84C50198FB75900AD18D5 /* Resources */ = {
			isa = PBXResourcesBuildPhase;
			buildActionMask = 2147483647;
			files = (
				40E84C5D198FB75900AD18D5 /* Main.storyboard in Resources */,
				40E84C5F198FB75900AD18D5 /* Images.xcassets in Resources */,
			);
			runOnlyForDeploymentPostprocessing = 0;
		};
		40E84C62198FB75900AD18D5 /* Resources */ = {
			isa = PBXResourcesBuildPhase;
			buildActionMask = 2147483647;
			files = (
			);
			runOnlyForDeploymentPostprocessing = 0;
		};
/* End PBXResourcesBuildPhase section */

/* Begin PBXSourcesBuildPhase section */
		40E84C4E198FB75900AD18D5 /* Sources */ = {
			isa = PBXSourcesBuildPhase;
			buildActionMask = 2147483647;
			files = (
				40E84C79198FD23500AD18D5 /* StrikeThroughText.swift in Sources */,
				40E84C5A198FB75900AD18D5 /* ViewController.swift in Sources */,
				40E84C77198FC80800AD18D5 /* TableViewCell.swift in Sources */,
				40E84C58198FB75900AD18D5 /* AppDelegate.swift in Sources */,
				40E84C75198FC0BE00AD18D5 /* ToDoItem.swift in Sources */,
			);
			runOnlyForDeploymentPostprocessing = 0;
		};
		40E84C60198FB75900AD18D5 /* Sources */ = {
			isa = PBXSourcesBuildPhase;
			buildActionMask = 2147483647;
			files = (
				40E84C6B198FB75900AD18D5 /* ClearStyleTests.swift in Sources */,
			);
			runOnlyForDeploymentPostprocessing = 0;
		};
/* End PBXSourcesBuildPhase section */

/* Begin PBXTargetDependency section */
		40E84C66198FB75900AD18D5 /* PBXTargetDependency */ = {
			isa = PBXTargetDependency;
			target = 40E84C51198FB75900AD18D5 /* ClearStyle */;
			targetProxy = 40E84C65198FB75900AD18D5 /* PBXContainerItemProxy */;
		};
/* End PBXTargetDependency section */

/* Begin PBXVariantGroup section */
		40E84C5B198FB75900AD18D5 /* Main.storyboard */ = {
			isa = PBXVariantGroup;
			children = (
				40E84C5C198FB75900AD18D5 /* Base */,
			);
			name = Main.storyboard;
			sourceTree = "<group>";
		};
/* End PBXVariantGroup section */

/* Begin XCBuildConfiguration section */
		40E84C6C198FB75900AD18D5 /* Debug */ = {
			isa = XCBuildConfiguration;
			buildSettings = {
				ALWAYS_SEARCH_USER_PATHS = NO;
				CLANG_CXX_LANGUAGE_STANDARD = "gnu++0x";
				CLANG_CXX_LIBRARY = "libc++";
				CLANG_ENABLE_MODULES = YES;
				CLANG_ENABLE_OBJC_ARC = YES;
				CLANG_WARN_BOOL_CONVERSION = YES;
				CLANG_WARN_CONSTANT_CONVERSION = YES;
				CLANG_WARN_DIRECT_OBJC_ISA_USAGE = YES_ERROR;
				CLANG_WARN_EMPTY_BODY = YES;
				CLANG_WARN_ENUM_CONVERSION = YES;
				CLANG_WARN_INT_CONVERSION = YES;
				CLANG_WARN_OBJC_ROOT_CLASS = YES_ERROR;
				CLANG_WARN_UNREACHABLE_CODE = YES;
				CLANG_WARN__DUPLICATE_METHOD_MATCH = YES;
				"CODE_SIGN_IDENTITY[sdk=iphoneos*]" = "iPhone Developer";
				COPY_PHASE_STRIP = NO;
				ENABLE_STRICT_OBJC_MSGSEND = YES;
				ENABLE_TESTABILITY = YES;
				GCC_C_LANGUAGE_STANDARD = gnu99;
				GCC_DYNAMIC_NO_PIC = NO;
				GCC_OPTIMIZATION_LEVEL = 0;
				GCC_PREPROCESSOR_DEFINITIONS = (
					"DEBUG=1",
					"$(inherited)",
				);
				GCC_SYMBOLS_PRIVATE_EXTERN = NO;
				GCC_WARN_64_TO_32_BIT_CONVERSION = YES;
				GCC_WARN_ABOUT_RETURN_TYPE = YES_ERROR;
				GCC_WARN_UNDECLARED_SELECTOR = YES;
				GCC_WARN_UNINITIALIZED_AUTOS = YES_AGGRESSIVE;
				GCC_WARN_UNUSED_FUNCTION = YES;
				GCC_WARN_UNUSED_VARIABLE = YES;
				IPHONEOS_DEPLOYMENT_TARGET = 9.3;
				MTL_ENABLE_DEBUG_INFO = YES;
				ONLY_ACTIVE_ARCH = YES;
				SDKROOT = iphoneos;
				SWIFT_OPTIMIZATION_LEVEL = "-Onone";
			};
			name = Debug;
		};
		40E84C6D198FB75900AD18D5 /* Release */ = {
			isa = XCBuildConfiguration;
			buildSettings = {
				ALWAYS_SEARCH_USER_PATHS = NO;
				CLANG_CXX_LANGUAGE_STANDARD = "gnu++0x";
				CLANG_CXX_LIBRARY = "libc++";
				CLANG_ENABLE_MODULES = YES;
				CLANG_ENABLE_OBJC_ARC = YES;
				CLANG_WARN_BOOL_CONVERSION = YES;
				CLANG_WARN_CONSTANT_CONVERSION = YES;
				CLANG_WARN_DIRECT_OBJC_ISA_USAGE = YES_ERROR;
				CLANG_WARN_EMPTY_BODY = YES;
				CLANG_WARN_ENUM_CONVERSION = YES;
				CLANG_WARN_INT_CONVERSION = YES;
				CLANG_WARN_OBJC_ROOT_CLASS = YES_ERROR;
				CLANG_WARN_UNREACHABLE_CODE = YES;
				CLANG_WARN__DUPLICATE_METHOD_MATCH = YES;
				"CODE_SIGN_IDENTITY[sdk=iphoneos*]" = "iPhone Developer";
				COPY_PHASE_STRIP = YES;
				ENABLE_NS_ASSERTIONS = NO;
				ENABLE_STRICT_OBJC_MSGSEND = YES;
				GCC_C_LANGUAGE_STANDARD = gnu99;
				GCC_WARN_64_TO_32_BIT_CONVERSION = YES;
				GCC_WARN_ABOUT_RETURN_TYPE = YES_ERROR;
				GCC_WARN_UNDECLARED_SELECTOR = YES;
				GCC_WARN_UNINITIALIZED_AUTOS = YES_AGGRESSIVE;
				GCC_WARN_UNUSED_FUNCTION = YES;
				GCC_WARN_UNUSED_VARIABLE = YES;
				IPHONEOS_DEPLOYMENT_TARGET = 9.3;
				MTL_ENABLE_DEBUG_INFO = NO;
				SDKROOT = iphoneos;
				VALIDATE_PRODUCT = YES;
			};
			name = Release;
		};
		40E84C6F198FB75900AD18D5 /* Debug */ = {
			isa = XCBuildConfiguration;
			buildSettings = {
				ASSETCATALOG_COMPILER_APPICON_NAME = AppIcon;
				ASSETCATALOG_COMPILER_LAUNCHIMAGE_NAME = LaunchImage;
				CODE_SIGN_IDENTITY = "iPhone Developer";
				INFOPLIST_FILE = ClearStyle/Info.plist;
				IPHONEOS_DEPLOYMENT_TARGET = 9.3;
				LD_RUNPATH_SEARCH_PATHS = "$(inherited) @executable_path/Frameworks";
				PRODUCT_BUNDLE_IDENTIFIER = uxgent.ios.ClearStyle;
				PRODUCT_NAME = "$(TARGET_NAME)";
			};
			name = Debug;
		};
		40E84C70198FB75900AD18D5 /* Release */ = {
			isa = XCBuildConfiguration;
			buildSettings = {
				ASSETCATALOG_COMPILER_APPICON_NAME = AppIcon;
				ASSETCATALOG_COMPILER_LAUNCHIMAGE_NAME = LaunchImage;
				CODE_SIGN_IDENTITY = "iPhone Developer";
				INFOPLIST_FILE = ClearStyle/Info.plist;
				IPHONEOS_DEPLOYMENT_TARGET = 9.3;
				LD_RUNPATH_SEARCH_PATHS = "$(inherited) @executable_path/Frameworks";
				PRODUCT_BUNDLE_IDENTIFIER = uxgent.ios.ClearStyle;
				PRODUCT_NAME = "$(TARGET_NAME)";
			};
			name = Release;
		};
		40E84C72198FB75900AD18D5 /* Debug */ = {
			isa = XCBuildConfiguration;
			buildSettings = {
				BUNDLE_LOADER = "$(BUILT_PRODUCTS_DIR)/ClearStyle.app/ClearStyle";
				FRAMEWORK_SEARCH_PATHS = (
					"$(SDKROOT)/Developer/Library/Frameworks",
					"$(inherited)",
				);
				GCC_PREPROCESSOR_DEFINITIONS = (
					"DEBUG=1",
					"$(inherited)",
				);
				INFOPLIST_FILE = ClearStyleTests/Info.plist;
				LD_RUNPATH_SEARCH_PATHS = "$(inherited) @executable_path/Frameworks @loader_path/Frameworks";
				PRODUCT_BUNDLE_IDENTIFIER = "com.raywenderlich.${PRODUCT_NAME:rfc1034identifier}";
				PRODUCT_NAME = "$(TARGET_NAME)";
				TEST_HOST = "$(BUNDLE_LOADER)";
			};
			name = Debug;
		};
		40E84C73198FB75900AD18D5 /* Release */ = {
			isa = XCBuildConfiguration;
			buildSettings = {
				BUNDLE_LOADER = "$(BUILT_PRODUCTS_DIR)/ClearStyle.app/ClearStyle";
				FRAMEWORK_SEARCH_PATHS = (
					"$(SDKROOT)/Developer/Library/Frameworks",
					"$(inherited)",
				);
				INFOPLIST_FILE = ClearStyleTests/Info.plist;
				LD_RUNPATH_SEARCH_PATHS = "$(inherited) @executable_path/Frameworks @loader_path/Frameworks";
				PRODUCT_BUNDLE_IDENTIFIER = "com.raywenderlich.${PRODUCT_NAME:rfc1034identifier}";
				PRODUCT_NAME = "$(TARGET_NAME)";
				TEST_HOST = "$(BUNDLE_LOADER)";
			};
			name = Release;
		};
/* End XCBuildConfiguration section */

/* Begin XCConfigurationList section */
		40E84C4D198FB75900AD18D5 /* Build configuration list for PBXProject "ClearStyle" */ = {
			isa = XCConfigurationList;
			buildConfigurations = (
				40E84C6C198FB75900AD18D5 /* Debug */,
				40E84C6D198FB75900AD18D5 /* Release */,
			);
			defaultConfigurationIsVisible = 0;
			defaultConfigurationName = Release;
		};
		40E84C6E198FB75900AD18D5 /* Build configuration list for PBXNativeTarget "ClearStyle" */ = {
			isa = XCConfigurationList;
			buildConfigurations = (
				40E84C6F198FB75900AD18D5 /* Debug */,
				40E84C70198FB75900AD18D5 /* Release */,
			);
			defaultConfigurationIsVisible = 0;
			defaultConfigurationName = Release;
		};
		40E84C71198FB75900AD18D5 /* Build configuration list for PBXNativeTarget "ClearStyleTests" */ = {
			isa = XCConfigurationList;
			buildConfigurations = (
				40E84C72198FB75900AD18D5 /* Debug */,
				40E84C73198FB75900AD18D5 /* Release */,
			);
			defaultConfigurationIsVisible = 0;
			defaultConfigurationName = Release;
		};
/* End XCConfigurationList section */
	};
	rootObject = 40E84C4A198FB75900AD18D5 /* Project object */;
}
